// !$*UTF8*$!
{
	archiveVersion = 1;
	classes = {
	};
	objectVersion = 56;
	objects = {

/* Begin PBXBuildFile section */
		2C9302F52CFC9E6500CAD615 /* GoogleService-Info.plist in Resources */ = {isa = PBXBuildFile; fileRef = 2C9302F42CFC9E6500CAD615 /* GoogleService-Info.plist */; };
		713EDA2D2D12E4F4000918B2 /* FirebaseFirestore in Frameworks */ = {isa = PBXBuildFile; productRef = 713EDA2C2D12E4F4000918B2 /* FirebaseFirestore */; };
		71BEBCDE2CFC502900DF795E /* AppDelegate.swift in Sources */ = {isa = PBXBuildFile; fileRef = 71BEBCDD2CFC502900DF795E /* AppDelegate.swift */; };
		71BEBCE02CFC502900DF795E /* SceneDelegate.swift in Sources */ = {isa = PBXBuildFile; fileRef = 71BEBCDF2CFC502900DF795E /* SceneDelegate.swift */; };
		71BEBCE22CFC502900DF795E /* ViewController.swift in Sources */ = {isa = PBXBuildFile; fileRef = 71BEBCE12CFC502900DF795E /* ViewController.swift */; };
		71BEBCE52CFC502900DF795E /* Base in Resources */ = {isa = PBXBuildFile; fileRef = 71BEBCE42CFC502900DF795E /* Base */; };
		71BEBCE72CFC502A00DF795E /* Assets.xcassets in Resources */ = {isa = PBXBuildFile; fileRef = 71BEBCE62CFC502A00DF795E /* Assets.xcassets */; };
		71BEBCEA2CFC502A00DF795E /* Base in Resources */ = {isa = PBXBuildFile; fileRef = 71BEBCE92CFC502A00DF795E /* Base */; };
		71BEBCF52CFC502B00DF795E /* HirelyTests.swift in Sources */ = {isa = PBXBuildFile; fileRef = 71BEBCF42CFC502B00DF795E /* HirelyTests.swift */; };
		71BEBCFF2CFC502B00DF795E /* HirelyUITests.swift in Sources */ = {isa = PBXBuildFile; fileRef = 71BEBCFE2CFC502B00DF795E /* HirelyUITests.swift */; };
		71BEBD012CFC502B00DF795E /* HirelyUITestsLaunchTests.swift in Sources */ = {isa = PBXBuildFile; fileRef = 71BEBD002CFC502B00DF795E /* HirelyUITestsLaunchTests.swift */; };
		C363937D2D006A4C00E14337 /* FirebaseDatabase in Frameworks */ = {isa = PBXBuildFile; productRef = C363937C2D006A4C00E14337 /* FirebaseDatabase */; };
		C363937F2D006A5600E14337 /* FirebaseAuth in Frameworks */ = {isa = PBXBuildFile; productRef = C363937E2D006A5600E14337 /* FirebaseAuth */; };
		C36393812D006A7800E14337 /* Cloudinary in Frameworks */ = {isa = PBXBuildFile; productRef = C36393802D006A7800E14337 /* Cloudinary */; };
		D1080E6B2D2003F30006B9AC /* UserProfileSection.swift in Sources */ = {isa = PBXBuildFile; fileRef = D1080E6A2D2003F30006B9AC /* UserProfileSection.swift */; };
		D1080E6D2D2004100006B9AC /* currentUser.swift in Sources */ = {isa = PBXBuildFile; fileRef = D1080E6C2D2004100006B9AC /* currentUser.swift */; };
		D1080E6F2D20042A0006B9AC /* SKillItem.swift in Sources */ = {isa = PBXBuildFile; fileRef = D1080E6E2D20042A0006B9AC /* SKillItem.swift */; };
		D1080E712D20043F0006B9AC /* Cloudinary.swift in Sources */ = {isa = PBXBuildFile; fileRef = D1080E702D20043F0006B9AC /* Cloudinary.swift */; };
		D1080E732D2004500006B9AC /* Applicant.swift in Sources */ = {isa = PBXBuildFile; fileRef = D1080E722D2004500006B9AC /* Applicant.swift */; };
		D1080E752D2004650006B9AC /* Experience.swift in Sources */ = {isa = PBXBuildFile; fileRef = D1080E742D2004650006B9AC /* Experience.swift */; };
		D1080E772D2004A20006B9AC /* RegisterExperienceLevelViewController.swift in Sources */ = {isa = PBXBuildFile; fileRef = D1080E762D2004A20006B9AC /* RegisterExperienceLevelViewController.swift */; };
		D1080E792D2005030006B9AC /* ApplicantProfileViewController.swift in Sources */ = {isa = PBXBuildFile; fileRef = D1080E782D2005030006B9AC /* ApplicantProfileViewController.swift */; };
		D1080E7B2D20052B0006B9AC /* EmployerProfileViewController.swift in Sources */ = {isa = PBXBuildFile; fileRef = D1080E7A2D20052B0006B9AC /* EmployerProfileViewController.swift */; };
		D1080E7D2D2005620006B9AC /* AddSoftSkillAlert.swift in Sources */ = {isa = PBXBuildFile; fileRef = D1080E7C2D2005620006B9AC /* AddSoftSkillAlert.swift */; };
		D1080E7F2D2005810006B9AC /* AddSoftSkillViewController.swift in Sources */ = {isa = PBXBuildFile; fileRef = D1080E7E2D2005810006B9AC /* AddSoftSkillViewController.swift */; };
		D1080E812D2005BE0006B9AC /* EditPersonalInfoViewController.swift in Sources */ = {isa = PBXBuildFile; fileRef = D1080E802D2005BE0006B9AC /* EditPersonalInfoViewController.swift */; };
		D1080E832D2005F60006B9AC /* SkillsExperienceViewController.swift in Sources */ = {isa = PBXBuildFile; fileRef = D1080E822D2005F60006B9AC /* SkillsExperienceViewController.swift */; };
		D1080E852D2006310006B9AC /* ExperienceTableViewCell.swift in Sources */ = {isa = PBXBuildFile; fileRef = D1080E842D2006310006B9AC /* ExperienceTableViewCell.swift */; };
		D1080E872D20066C0006B9AC /* EditSoftSkillViewController.swift in Sources */ = {isa = PBXBuildFile; fileRef = D1080E862D20066C0006B9AC /* EditSoftSkillViewController.swift */; };
		D1080E892D2006B80006B9AC /* PersonalInfoViewController.swift in Sources */ = {isa = PBXBuildFile; fileRef = D1080E882D2006B80006B9AC /* PersonalInfoViewController.swift */; };
		D1080E8B2D2007470006B9AC /* ApplicantProfile.storyboard in Resources */ = {isa = PBXBuildFile; fileRef = D1080E8A2D2007470006B9AC /* ApplicantProfile.storyboard */; };
		D193C7FB2D1F08F500B5F305 /* UserAuthentication.storyboard in Resources */ = {isa = PBXBuildFile; fileRef = D193C7FA2D1F08F500B5F305 /* UserAuthentication.storyboard */; };
		D193C8092D1F090D00B5F305 /* EmploymentTypeViewController.swift in Sources */ = {isa = PBXBuildFile; fileRef = D193C7FC2D1F090D00B5F305 /* EmploymentTypeViewController.swift */; };
		D193C80A2D1F090D00B5F305 /* LoginViewController.swift in Sources */ = {isa = PBXBuildFile; fileRef = D193C7FD2D1F090D00B5F305 /* LoginViewController.swift */; };
		D193C80C2D1F090D00B5F305 /* UploadProfilePhotoViewController.swift in Sources */ = {isa = PBXBuildFile; fileRef = D193C7FF2D1F090D00B5F305 /* UploadProfilePhotoViewController.swift */; };
		D193C80D2D1F090D00B5F305 /* RegisterInterestsViewController.swift in Sources */ = {isa = PBXBuildFile; fileRef = D193C8002D1F090D00B5F305 /* RegisterInterestsViewController.swift */; };
		D193C80E2D1F090D00B5F305 /* RegisterExpertiseViewController.swift in Sources */ = {isa = PBXBuildFile; fileRef = D193C8012D1F090D00B5F305 /* RegisterExpertiseViewController.swift */; };
		D193C80F2D1F090D00B5F305 /* SoftSkillsViewController.swift in Sources */ = {isa = PBXBuildFile; fileRef = D193C8022D1F090D00B5F305 /* SoftSkillsViewController.swift */; };
		D193C8102D1F090D00B5F305 /* SalaryViewController.swift in Sources */ = {isa = PBXBuildFile; fileRef = D193C8032D1F090D00B5F305 /* SalaryViewController.swift */; };
		D193C8112D1F090D00B5F305 /* SignUpViewController.swift in Sources */ = {isa = PBXBuildFile; fileRef = D193C8042D1F090D00B5F305 /* SignUpViewController.swift */; };
		D193C8122D1F090D00B5F305 /* TechnicalSkillsViewController.swift in Sources */ = {isa = PBXBuildFile; fileRef = D193C8052D1F090D00B5F305 /* TechnicalSkillsViewController.swift */; };
		D193C8132D1F090D00B5F305 /* SkillTableViewCell.swift in Sources */ = {isa = PBXBuildFile; fileRef = D193C8062D1F090D00B5F305 /* SkillTableViewCell.swift */; };
		D193C8142D1F090D00B5F305 /* ExperienceLevelViewController.swift in Sources */ = {isa = PBXBuildFile; fileRef = D193C8072D1F090D00B5F305 /* ExperienceLevelViewController.swift */; };
		D193C8152D1F090D00B5F305 /* RegisterDetailsViewController.swift in Sources */ = {isa = PBXBuildFile; fileRef = D193C8082D1F090D00B5F305 /* RegisterDetailsViewController.swift */; };
/* End PBXBuildFile section */

/* Begin PBXContainerItemProxy section */
		71BEBCF12CFC502B00DF795E /* PBXContainerItemProxy */ = {
			isa = PBXContainerItemProxy;
			containerPortal = 71BEBCD22CFC502900DF795E /* Project object */;
			proxyType = 1;
			remoteGlobalIDString = 71BEBCD92CFC502900DF795E;
			remoteInfo = Hirely;
		};
		71BEBCFB2CFC502B00DF795E /* PBXContainerItemProxy */ = {
			isa = PBXContainerItemProxy;
			containerPortal = 71BEBCD22CFC502900DF795E /* Project object */;
			proxyType = 1;
			remoteGlobalIDString = 71BEBCD92CFC502900DF795E;
			remoteInfo = Hirely;
		};
/* End PBXContainerItemProxy section */

/* Begin PBXFileReference section */
		2C9302F42CFC9E6500CAD615 /* GoogleService-Info.plist */ = {isa = PBXFileReference; fileEncoding = 4; lastKnownFileType = text.plist.xml; path = "GoogleService-Info.plist"; sourceTree = "<group>"; };
		71BEBCDA2CFC502900DF795E /* Hirely.app */ = {isa = PBXFileReference; explicitFileType = wrapper.application; includeInIndex = 0; path = Hirely.app; sourceTree = BUILT_PRODUCTS_DIR; };
		71BEBCDD2CFC502900DF795E /* AppDelegate.swift */ = {isa = PBXFileReference; lastKnownFileType = sourcecode.swift; path = AppDelegate.swift; sourceTree = "<group>"; };
		71BEBCDF2CFC502900DF795E /* SceneDelegate.swift */ = {isa = PBXFileReference; lastKnownFileType = sourcecode.swift; path = SceneDelegate.swift; sourceTree = "<group>"; };
		71BEBCE12CFC502900DF795E /* ViewController.swift */ = {isa = PBXFileReference; lastKnownFileType = sourcecode.swift; path = ViewController.swift; sourceTree = "<group>"; };
		71BEBCE42CFC502900DF795E /* Base */ = {isa = PBXFileReference; lastKnownFileType = file.storyboard; name = Base; path = Base.lproj/Main.storyboard; sourceTree = "<group>"; };
		71BEBCE62CFC502A00DF795E /* Assets.xcassets */ = {isa = PBXFileReference; lastKnownFileType = folder.assetcatalog; path = Assets.xcassets; sourceTree = "<group>"; };
		71BEBCE92CFC502A00DF795E /* Base */ = {isa = PBXFileReference; lastKnownFileType = file.storyboard; name = Base; path = Base.lproj/LaunchScreen.storyboard; sourceTree = "<group>"; };
		71BEBCEB2CFC502A00DF795E /* Info.plist */ = {isa = PBXFileReference; lastKnownFileType = text.plist.xml; path = Info.plist; sourceTree = "<group>"; };
		71BEBCF02CFC502B00DF795E /* HirelyTests.xctest */ = {isa = PBXFileReference; explicitFileType = wrapper.cfbundle; includeInIndex = 0; path = HirelyTests.xctest; sourceTree = BUILT_PRODUCTS_DIR; };
		71BEBCF42CFC502B00DF795E /* HirelyTests.swift */ = {isa = PBXFileReference; lastKnownFileType = sourcecode.swift; path = HirelyTests.swift; sourceTree = "<group>"; };
		71BEBCFA2CFC502B00DF795E /* HirelyUITests.xctest */ = {isa = PBXFileReference; explicitFileType = wrapper.cfbundle; includeInIndex = 0; path = HirelyUITests.xctest; sourceTree = BUILT_PRODUCTS_DIR; };
		71BEBCFE2CFC502B00DF795E /* HirelyUITests.swift */ = {isa = PBXFileReference; lastKnownFileType = sourcecode.swift; path = HirelyUITests.swift; sourceTree = "<group>"; };
		71BEBD002CFC502B00DF795E /* HirelyUITestsLaunchTests.swift */ = {isa = PBXFileReference; lastKnownFileType = sourcecode.swift; path = HirelyUITestsLaunchTests.swift; sourceTree = "<group>"; };
		D1080E6A2D2003F30006B9AC /* UserProfileSection.swift */ = {isa = PBXFileReference; lastKnownFileType = sourcecode.swift; path = UserProfileSection.swift; sourceTree = "<group>"; };
		D1080E6C2D2004100006B9AC /* currentUser.swift */ = {isa = PBXFileReference; lastKnownFileType = sourcecode.swift; path = currentUser.swift; sourceTree = "<group>"; };
		D1080E6E2D20042A0006B9AC /* SKillItem.swift */ = {isa = PBXFileReference; lastKnownFileType = sourcecode.swift; path = SKillItem.swift; sourceTree = "<group>"; };
		D1080E702D20043F0006B9AC /* Cloudinary.swift */ = {isa = PBXFileReference; lastKnownFileType = sourcecode.swift; path = Cloudinary.swift; sourceTree = "<group>"; };
		D1080E722D2004500006B9AC /* Applicant.swift */ = {isa = PBXFileReference; lastKnownFileType = sourcecode.swift; path = Applicant.swift; sourceTree = "<group>"; };
		D1080E742D2004650006B9AC /* Experience.swift */ = {isa = PBXFileReference; lastKnownFileType = sourcecode.swift; path = Experience.swift; sourceTree = "<group>"; };
		D1080E762D2004A20006B9AC /* RegisterExperienceLevelViewController.swift */ = {isa = PBXFileReference; lastKnownFileType = sourcecode.swift; path = RegisterExperienceLevelViewController.swift; sourceTree = "<group>"; };
		D1080E782D2005030006B9AC /* ApplicantProfileViewController.swift */ = {isa = PBXFileReference; lastKnownFileType = sourcecode.swift; path = ApplicantProfileViewController.swift; sourceTree = "<group>"; };
		D1080E7A2D20052B0006B9AC /* EmployerProfileViewController.swift */ = {isa = PBXFileReference; lastKnownFileType = sourcecode.swift; path = EmployerProfileViewController.swift; sourceTree = "<group>"; };
		D1080E7C2D2005620006B9AC /* AddSoftSkillAlert.swift */ = {isa = PBXFileReference; lastKnownFileType = sourcecode.swift; path = AddSoftSkillAlert.swift; sourceTree = "<group>"; };
		D1080E7E2D2005810006B9AC /* AddSoftSkillViewController.swift */ = {isa = PBXFileReference; lastKnownFileType = sourcecode.swift; path = AddSoftSkillViewController.swift; sourceTree = "<group>"; };
		D1080E802D2005BE0006B9AC /* EditPersonalInfoViewController.swift */ = {isa = PBXFileReference; lastKnownFileType = sourcecode.swift; path = EditPersonalInfoViewController.swift; sourceTree = "<group>"; };
		D1080E822D2005F60006B9AC /* SkillsExperienceViewController.swift */ = {isa = PBXFileReference; lastKnownFileType = sourcecode.swift; path = SkillsExperienceViewController.swift; sourceTree = "<group>"; };
		D1080E842D2006310006B9AC /* ExperienceTableViewCell.swift */ = {isa = PBXFileReference; lastKnownFileType = sourcecode.swift; path = ExperienceTableViewCell.swift; sourceTree = "<group>"; };
		D1080E862D20066C0006B9AC /* EditSoftSkillViewController.swift */ = {isa = PBXFileReference; lastKnownFileType = sourcecode.swift; path = EditSoftSkillViewController.swift; sourceTree = "<group>"; };
		D1080E882D2006B80006B9AC /* PersonalInfoViewController.swift */ = {isa = PBXFileReference; lastKnownFileType = sourcecode.swift; path = PersonalInfoViewController.swift; sourceTree = "<group>"; };
		D1080E8A2D2007470006B9AC /* ApplicantProfile.storyboard */ = {isa = PBXFileReference; lastKnownFileType = file.storyboard; path = ApplicantProfile.storyboard; sourceTree = "<group>"; };
		D193C7FA2D1F08F500B5F305 /* UserAuthentication.storyboard */ = {isa = PBXFileReference; fileEncoding = 4; lastKnownFileType = file.storyboard; name = UserAuthentication.storyboard; path = ../../../../../Downloads/Hirely/Hirely/Hirely/Storyboards/UserAuthentication.storyboard; sourceTree = "<group>"; };
		D193C7FC2D1F090D00B5F305 /* EmploymentTypeViewController.swift */ = {isa = PBXFileReference; fileEncoding = 4; lastKnownFileType = sourcecode.swift; name = EmploymentTypeViewController.swift; path = ../../../../../Downloads/Hirely/Hirely/Hirely/Controllers/EmploymentTypeViewController.swift; sourceTree = "<group>"; };
		D193C7FD2D1F090D00B5F305 /* LoginViewController.swift */ = {isa = PBXFileReference; fileEncoding = 4; lastKnownFileType = sourcecode.swift; name = LoginViewController.swift; path = ../../../../../Downloads/Hirely/Hirely/Hirely/Controllers/LoginViewController.swift; sourceTree = "<group>"; };
		D193C7FF2D1F090D00B5F305 /* UploadProfilePhotoViewController.swift */ = {isa = PBXFileReference; fileEncoding = 4; lastKnownFileType = sourcecode.swift; name = UploadProfilePhotoViewController.swift; path = ../../../../../Downloads/Hirely/Hirely/Hirely/Controllers/UploadProfilePhotoViewController.swift; sourceTree = "<group>"; };
		D193C8002D1F090D00B5F305 /* RegisterInterestsViewController.swift */ = {isa = PBXFileReference; fileEncoding = 4; lastKnownFileType = sourcecode.swift; name = RegisterInterestsViewController.swift; path = ../../../../../Downloads/Hirely/Hirely/Hirely/Controllers/RegisterInterestsViewController.swift; sourceTree = "<group>"; };
		D193C8012D1F090D00B5F305 /* RegisterExpertiseViewController.swift */ = {isa = PBXFileReference; fileEncoding = 4; lastKnownFileType = sourcecode.swift; name = RegisterExpertiseViewController.swift; path = ../../../../../Downloads/Hirely/Hirely/Hirely/Controllers/RegisterExpertiseViewController.swift; sourceTree = "<group>"; };
		D193C8022D1F090D00B5F305 /* SoftSkillsViewController.swift */ = {isa = PBXFileReference; fileEncoding = 4; lastKnownFileType = sourcecode.swift; name = SoftSkillsViewController.swift; path = ../../../../../Downloads/Hirely/Hirely/Hirely/Controllers/SoftSkillsViewController.swift; sourceTree = "<group>"; };
		D193C8032D1F090D00B5F305 /* SalaryViewController.swift */ = {isa = PBXFileReference; fileEncoding = 4; lastKnownFileType = sourcecode.swift; name = SalaryViewController.swift; path = ../../../../../Downloads/Hirely/Hirely/Hirely/Controllers/SalaryViewController.swift; sourceTree = "<group>"; };
		D193C8042D1F090D00B5F305 /* SignUpViewController.swift */ = {isa = PBXFileReference; fileEncoding = 4; lastKnownFileType = sourcecode.swift; name = SignUpViewController.swift; path = ../../../../../Downloads/Hirely/Hirely/Hirely/Controllers/SignUpViewController.swift; sourceTree = "<group>"; };
		D193C8052D1F090D00B5F305 /* TechnicalSkillsViewController.swift */ = {isa = PBXFileReference; fileEncoding = 4; lastKnownFileType = sourcecode.swift; name = TechnicalSkillsViewController.swift; path = ../../../../../Downloads/Hirely/Hirely/Hirely/Controllers/TechnicalSkillsViewController.swift; sourceTree = "<group>"; };
		D193C8062D1F090D00B5F305 /* SkillTableViewCell.swift */ = {isa = PBXFileReference; fileEncoding = 4; lastKnownFileType = sourcecode.swift; name = SkillTableViewCell.swift; path = ../../../../../Downloads/Hirely/Hirely/Hirely/Controllers/SkillTableViewCell.swift; sourceTree = "<group>"; };
		D193C8072D1F090D00B5F305 /* ExperienceLevelViewController.swift */ = {isa = PBXFileReference; fileEncoding = 4; lastKnownFileType = sourcecode.swift; name = ExperienceLevelViewController.swift; path = ../../../../../Downloads/Hirely/Hirely/Hirely/Controllers/ExperienceLevelViewController.swift; sourceTree = "<group>"; };
		D193C8082D1F090D00B5F305 /* RegisterDetailsViewController.swift */ = {isa = PBXFileReference; fileEncoding = 4; lastKnownFileType = sourcecode.swift; name = RegisterDetailsViewController.swift; path = ../../../../../Downloads/Hirely/Hirely/Hirely/Controllers/RegisterDetailsViewController.swift; sourceTree = "<group>"; };
/* End PBXFileReference section */

/* Begin PBXFrameworksBuildPhase section */
		71BEBCD72CFC502900DF795E /* Frameworks */ = {
			isa = PBXFrameworksBuildPhase;
			buildActionMask = 2147483647;
			files = (
				C363937D2D006A4C00E14337 /* FirebaseDatabase in Frameworks */,
				713EDA2D2D12E4F4000918B2 /* FirebaseFirestore in Frameworks */,
				C363937F2D006A5600E14337 /* FirebaseAuth in Frameworks */,
				C36393812D006A7800E14337 /* Cloudinary in Frameworks */,
			);
			runOnlyForDeploymentPostprocessing = 0;
		};
		71BEBCED2CFC502B00DF795E /* Frameworks */ = {
			isa = PBXFrameworksBuildPhase;
			buildActionMask = 2147483647;
			files = (
			);
			runOnlyForDeploymentPostprocessing = 0;
		};
		71BEBCF72CFC502B00DF795E /* Frameworks */ = {
			isa = PBXFrameworksBuildPhase;
			buildActionMask = 2147483647;
			files = (
			);
			runOnlyForDeploymentPostprocessing = 0;
		};
/* End PBXFrameworksBuildPhase section */

/* Begin PBXGroup section */
		2C9302FE2CFCBE2500CAD615 /* Frameworks */ = {
			isa = PBXGroup;
			children = (
			);
			name = Frameworks;
			sourceTree = "<group>";
		};
		711B4EBE2CFC57E200910FB6 /* Storyboards */ = {
			isa = PBXGroup;
			children = (
				71BEBCE32CFC502900DF795E /* Main.storyboard */,
				71BEBCE82CFC502A00DF795E /* LaunchScreen.storyboard */,
				D193C7FA2D1F08F500B5F305 /* UserAuthentication.storyboard */,
				D1080E8A2D2007470006B9AC /* ApplicantProfile.storyboard */,
			);
			path = Storyboards;
			sourceTree = "<group>";
		};
		711B4EBF2CFC57F300910FB6 /* Controllers */ = {
			isa = PBXGroup;
			children = (
				D193C7FC2D1F090D00B5F305 /* EmploymentTypeViewController.swift */,
				D193C8072D1F090D00B5F305 /* ExperienceLevelViewController.swift */,
				D193C7FD2D1F090D00B5F305 /* LoginViewController.swift */,
				D193C8082D1F090D00B5F305 /* RegisterDetailsViewController.swift */,
				D193C8012D1F090D00B5F305 /* RegisterExpertiseViewController.swift */,
				D1080E762D2004A20006B9AC /* RegisterExperienceLevelViewController.swift */,
				D193C8002D1F090D00B5F305 /* RegisterInterestsViewController.swift */,
				D193C8032D1F090D00B5F305 /* SalaryViewController.swift */,
				D193C8042D1F090D00B5F305 /* SignUpViewController.swift */,
				D193C8062D1F090D00B5F305 /* SkillTableViewCell.swift */,
				D193C8022D1F090D00B5F305 /* SoftSkillsViewController.swift */,
				D193C8052D1F090D00B5F305 /* TechnicalSkillsViewController.swift */,
				D193C7FF2D1F090D00B5F305 /* UploadProfilePhotoViewController.swift */,
				71BEBCE12CFC502900DF795E /* ViewController.swift */,
				D1080E782D2005030006B9AC /* ApplicantProfileViewController.swift */,
				D1080E7A2D20052B0006B9AC /* EmployerProfileViewController.swift */,
				D1080E7E2D2005810006B9AC /* AddSoftSkillViewController.swift */,
				D1080E802D2005BE0006B9AC /* EditPersonalInfoViewController.swift */,
				D1080E822D2005F60006B9AC /* SkillsExperienceViewController.swift */,
				D1080E842D2006310006B9AC /* ExperienceTableViewCell.swift */,
				D1080E862D20066C0006B9AC /* EditSoftSkillViewController.swift */,
				D1080E882D2006B80006B9AC /* PersonalInfoViewController.swift */,
			);
			path = Controllers;
			sourceTree = "<group>";
		};
		71BEBCD12CFC502900DF795E = {
			isa = PBXGroup;
			children = (
				71BEBCDC2CFC502900DF795E /* Hirely */,
				71BEBCF32CFC502B00DF795E /* HirelyTests */,
				71BEBCFD2CFC502B00DF795E /* HirelyUITests */,
				71BEBCDB2CFC502900DF795E /* Products */,
				2C9302FE2CFCBE2500CAD615 /* Frameworks */,
			);
			sourceTree = "<group>";
		};
		71BEBCDB2CFC502900DF795E /* Products */ = {
			isa = PBXGroup;
			children = (
				71BEBCDA2CFC502900DF795E /* Hirely.app */,
				71BEBCF02CFC502B00DF795E /* HirelyTests.xctest */,
				71BEBCFA2CFC502B00DF795E /* HirelyUITests.xctest */,
			);
			name = Products;
			sourceTree = "<group>";
		};
		71BEBCDC2CFC502900DF795E /* Hirely */ = {
			isa = PBXGroup;
			children = (
				D1080E692D2003A20006B9AC /* Models */,
				711B4EBF2CFC57F300910FB6 /* Controllers */,
				711B4EBE2CFC57E200910FB6 /* Storyboards */,
				71BEBCDD2CFC502900DF795E /* AppDelegate.swift */,
				71BEBCDF2CFC502900DF795E /* SceneDelegate.swift */,
				71BEBCE62CFC502A00DF795E /* Assets.xcassets */,
				71BEBCEB2CFC502A00DF795E /* Info.plist */,
				2C9302F42CFC9E6500CAD615 /* GoogleService-Info.plist */,
			);
			path = Hirely;
			sourceTree = "<group>";
		};
		71BEBCF32CFC502B00DF795E /* HirelyTests */ = {
			isa = PBXGroup;
			children = (
				71BEBCF42CFC502B00DF795E /* HirelyTests.swift */,
			);
			path = HirelyTests;
			sourceTree = "<group>";
		};
		71BEBCFD2CFC502B00DF795E /* HirelyUITests */ = {
			isa = PBXGroup;
			children = (
				71BEBCFE2CFC502B00DF795E /* HirelyUITests.swift */,
				71BEBD002CFC502B00DF795E /* HirelyUITestsLaunchTests.swift */,
			);
			path = HirelyUITests;
			sourceTree = "<group>";
		};
		D1080E692D2003A20006B9AC /* Models */ = {
			isa = PBXGroup;
			children = (
				D1080E6A2D2003F30006B9AC /* UserProfileSection.swift */,
				D1080E6C2D2004100006B9AC /* currentUser.swift */,
				D1080E6E2D20042A0006B9AC /* SKillItem.swift */,
				D1080E702D20043F0006B9AC /* Cloudinary.swift */,
				D1080E722D2004500006B9AC /* Applicant.swift */,
				D1080E742D2004650006B9AC /* Experience.swift */,
				D1080E7C2D2005620006B9AC /* AddSoftSkillAlert.swift */,
			);
			path = Models;
			sourceTree = "<group>";
		};
/* End PBXGroup section */

/* Begin PBXNativeTarget section */
		71BEBCD92CFC502900DF795E /* Hirely */ = {
			isa = PBXNativeTarget;
			buildConfigurationList = 71BEBD042CFC502B00DF795E /* Build configuration list for PBXNativeTarget "Hirely" */;
			buildPhases = (
				71BEBCD62CFC502900DF795E /* Sources */,
				71BEBCD72CFC502900DF795E /* Frameworks */,
				71BEBCD82CFC502900DF795E /* Resources */,
			);
			buildRules = (
			);
			dependencies = (
			);
			name = Hirely;
			packageProductDependencies = (
				C363937C2D006A4C00E14337 /* FirebaseDatabase */,
				C363937E2D006A5600E14337 /* FirebaseAuth */,
				C36393802D006A7800E14337 /* Cloudinary */,
				713EDA2C2D12E4F4000918B2 /* FirebaseFirestore */,
			);
			productName = Hirely;
			productReference = 71BEBCDA2CFC502900DF795E /* Hirely.app */;
			productType = "com.apple.product-type.application";
		};
		71BEBCEF2CFC502B00DF795E /* HirelyTests */ = {
			isa = PBXNativeTarget;
			buildConfigurationList = 71BEBD072CFC502B00DF795E /* Build configuration list for PBXNativeTarget "HirelyTests" */;
			buildPhases = (
				71BEBCEC2CFC502B00DF795E /* Sources */,
				71BEBCED2CFC502B00DF795E /* Frameworks */,
				71BEBCEE2CFC502B00DF795E /* Resources */,
			);
			buildRules = (
			);
			dependencies = (
				71BEBCF22CFC502B00DF795E /* PBXTargetDependency */,
			);
			name = HirelyTests;
			productName = HirelyTests;
			productReference = 71BEBCF02CFC502B00DF795E /* HirelyTests.xctest */;
			productType = "com.apple.product-type.bundle.unit-test";
		};
		71BEBCF92CFC502B00DF795E /* HirelyUITests */ = {
			isa = PBXNativeTarget;
			buildConfigurationList = 71BEBD0A2CFC502B00DF795E /* Build configuration list for PBXNativeTarget "HirelyUITests" */;
			buildPhases = (
				71BEBCF62CFC502B00DF795E /* Sources */,
				71BEBCF72CFC502B00DF795E /* Frameworks */,
				71BEBCF82CFC502B00DF795E /* Resources */,
			);
			buildRules = (
			);
			dependencies = (
				71BEBCFC2CFC502B00DF795E /* PBXTargetDependency */,
			);
			name = HirelyUITests;
			productName = HirelyUITests;
			productReference = 71BEBCFA2CFC502B00DF795E /* HirelyUITests.xctest */;
			productType = "com.apple.product-type.bundle.ui-testing";
		};
/* End PBXNativeTarget section */

/* Begin PBXProject section */
		71BEBCD22CFC502900DF795E /* Project object */ = {
			isa = PBXProject;
			attributes = {
				BuildIndependentTargetsInParallel = 1;
				LastSwiftUpdateCheck = 1540;
				LastUpgradeCheck = 1540;
				TargetAttributes = {
					71BEBCD92CFC502900DF795E = {
						CreatedOnToolsVersion = 15.4;
					};
					71BEBCEF2CFC502B00DF795E = {
						CreatedOnToolsVersion = 15.4;
						TestTargetID = 71BEBCD92CFC502900DF795E;
					};
					71BEBCF92CFC502B00DF795E = {
						CreatedOnToolsVersion = 15.4;
						TestTargetID = 71BEBCD92CFC502900DF795E;
					};
				};
			};
			buildConfigurationList = 71BEBCD52CFC502900DF795E /* Build configuration list for PBXProject "Hirely" */;
			compatibilityVersion = "Xcode 14.0";
			developmentRegion = en;
			hasScannedForEncodings = 0;
			knownRegions = (
				en,
				Base,
			);
			mainGroup = 71BEBCD12CFC502900DF795E;
			packageReferences = (
				2C9302F62CFC9EDF00CAD615 /* XCRemoteSwiftPackageReference "firebase-ios-sdk" */,
				2C9302FB2CFCBD4300CAD615 /* XCRemoteSwiftPackageReference "cloudinary_ios" */,
			);
			productRefGroup = 71BEBCDB2CFC502900DF795E /* Products */;
			projectDirPath = "";
			projectRoot = "";
			targets = (
				71BEBCD92CFC502900DF795E /* Hirely */,
				71BEBCEF2CFC502B00DF795E /* HirelyTests */,
				71BEBCF92CFC502B00DF795E /* HirelyUITests */,
			);
		};
/* End PBXProject section */

/* Begin PBXResourcesBuildPhase section */
		71BEBCD82CFC502900DF795E /* Resources */ = {
			isa = PBXResourcesBuildPhase;
			buildActionMask = 2147483647;
			files = (
				D193C7FB2D1F08F500B5F305 /* UserAuthentication.storyboard in Resources */,
				D1080E8B2D2007470006B9AC /* ApplicantProfile.storyboard in Resources */,
				71BEBCE72CFC502A00DF795E /* Assets.xcassets in Resources */,
				71BEBCEA2CFC502A00DF795E /* Base in Resources */,
				71BEBCE52CFC502900DF795E /* Base in Resources */,
				2C9302F52CFC9E6500CAD615 /* GoogleService-Info.plist in Resources */,
			);
			runOnlyForDeploymentPostprocessing = 0;
		};
		71BEBCEE2CFC502B00DF795E /* Resources */ = {
			isa = PBXResourcesBuildPhase;
			buildActionMask = 2147483647;
			files = (
			);
			runOnlyForDeploymentPostprocessing = 0;
		};
		71BEBCF82CFC502B00DF795E /* Resources */ = {
			isa = PBXResourcesBuildPhase;
			buildActionMask = 2147483647;
			files = (
			);
			runOnlyForDeploymentPostprocessing = 0;
		};
/* End PBXResourcesBuildPhase section */

/* Begin PBXSourcesBuildPhase section */
		71BEBCD62CFC502900DF795E /* Sources */ = {
			isa = PBXSourcesBuildPhase;
			buildActionMask = 2147483647;
			files = (
				D193C80F2D1F090D00B5F305 /* SoftSkillsViewController.swift in Sources */,
				D193C8132D1F090D00B5F305 /* SkillTableViewCell.swift in Sources */,
				D193C8092D1F090D00B5F305 /* EmploymentTypeViewController.swift in Sources */,
				D1080E892D2006B80006B9AC /* PersonalInfoViewController.swift in Sources */,
				71BEBCE22CFC502900DF795E /* ViewController.swift in Sources */,
				D1080E6F2D20042A0006B9AC /* SKillItem.swift in Sources */,
				D1080E6B2D2003F30006B9AC /* UserProfileSection.swift in Sources */,
				D193C8122D1F090D00B5F305 /* TechnicalSkillsViewController.swift in Sources */,
				D1080E792D2005030006B9AC /* ApplicantProfileViewController.swift in Sources */,
				D1080E872D20066C0006B9AC /* EditSoftSkillViewController.swift in Sources */,
				D193C80C2D1F090D00B5F305 /* UploadProfilePhotoViewController.swift in Sources */,
				D193C80E2D1F090D00B5F305 /* RegisterExpertiseViewController.swift in Sources */,
				D1080E772D2004A20006B9AC /* RegisterExperienceLevelViewController.swift in Sources */,
				D193C8152D1F090D00B5F305 /* RegisterDetailsViewController.swift in Sources */,
				D193C8112D1F090D00B5F305 /* SignUpViewController.swift in Sources */,
				D1080E7D2D2005620006B9AC /* AddSoftSkillAlert.swift in Sources */,
				71BEBCDE2CFC502900DF795E /* AppDelegate.swift in Sources */,
				D1080E6D2D2004100006B9AC /* currentUser.swift in Sources */,
				D1080E852D2006310006B9AC /* ExperienceTableViewCell.swift in Sources */,
				D1080E732D2004500006B9AC /* Applicant.swift in Sources */,
				D1080E7B2D20052B0006B9AC /* EmployerProfileViewController.swift in Sources */,
				D1080E812D2005BE0006B9AC /* EditPersonalInfoViewController.swift in Sources */,
				D193C80D2D1F090D00B5F305 /* RegisterInterestsViewController.swift in Sources */,
				D193C80A2D1F090D00B5F305 /* LoginViewController.swift in Sources */,
				D193C8102D1F090D00B5F305 /* SalaryViewController.swift in Sources */,
				D1080E832D2005F60006B9AC /* SkillsExperienceViewController.swift in Sources */,
				D1080E752D2004650006B9AC /* Experience.swift in Sources */,
				D1080E712D20043F0006B9AC /* Cloudinary.swift in Sources */,
				D1080E7F2D2005810006B9AC /* AddSoftSkillViewController.swift in Sources */,
				D193C8142D1F090D00B5F305 /* ExperienceLevelViewController.swift in Sources */,
				71BEBCE02CFC502900DF795E /* SceneDelegate.swift in Sources */,
			);
			runOnlyForDeploymentPostprocessing = 0;
		};
		71BEBCEC2CFC502B00DF795E /* Sources */ = {
			isa = PBXSourcesBuildPhase;
			buildActionMask = 2147483647;
			files = (
				71BEBCF52CFC502B00DF795E /* HirelyTests.swift in Sources */,
			);
			runOnlyForDeploymentPostprocessing = 0;
		};
		71BEBCF62CFC502B00DF795E /* Sources */ = {
			isa = PBXSourcesBuildPhase;
			buildActionMask = 2147483647;
			files = (
				71BEBCFF2CFC502B00DF795E /* HirelyUITests.swift in Sources */,
				71BEBD012CFC502B00DF795E /* HirelyUITestsLaunchTests.swift in Sources */,
			);
			runOnlyForDeploymentPostprocessing = 0;
		};
/* End PBXSourcesBuildPhase section */

/* Begin PBXTargetDependency section */
		71BEBCF22CFC502B00DF795E /* PBXTargetDependency */ = {
			isa = PBXTargetDependency;
			target = 71BEBCD92CFC502900DF795E /* Hirely */;
			targetProxy = 71BEBCF12CFC502B00DF795E /* PBXContainerItemProxy */;
		};
		71BEBCFC2CFC502B00DF795E /* PBXTargetDependency */ = {
			isa = PBXTargetDependency;
			target = 71BEBCD92CFC502900DF795E /* Hirely */;
			targetProxy = 71BEBCFB2CFC502B00DF795E /* PBXContainerItemProxy */;
		};
/* End PBXTargetDependency section */

/* Begin PBXVariantGroup section */
		71BEBCE32CFC502900DF795E /* Main.storyboard */ = {
			isa = PBXVariantGroup;
			children = (
				71BEBCE42CFC502900DF795E /* Base */,
			);
			name = Main.storyboard;
			sourceTree = "<group>";
		};
		71BEBCE82CFC502A00DF795E /* LaunchScreen.storyboard */ = {
			isa = PBXVariantGroup;
			children = (
				71BEBCE92CFC502A00DF795E /* Base */,
			);
			name = LaunchScreen.storyboard;
			sourceTree = "<group>";
		};
/* End PBXVariantGroup section */

/* Begin XCBuildConfiguration section */
		71BEBD022CFC502B00DF795E /* Debug */ = {
			isa = XCBuildConfiguration;
			buildSettings = {
				ALWAYS_SEARCH_USER_PATHS = NO;
				ASSETCATALOG_COMPILER_GENERATE_SWIFT_ASSET_SYMBOL_EXTENSIONS = YES;
				CLANG_ANALYZER_NONNULL = YES;
				CLANG_ANALYZER_NUMBER_OBJECT_CONVERSION = YES_AGGRESSIVE;
				CLANG_CXX_LANGUAGE_STANDARD = "gnu++20";
				CLANG_ENABLE_MODULES = YES;
				CLANG_ENABLE_OBJC_ARC = YES;
				CLANG_ENABLE_OBJC_WEAK = YES;
				CLANG_WARN_BLOCK_CAPTURE_AUTORELEASING = YES;
				CLANG_WARN_BOOL_CONVERSION = YES;
				CLANG_WARN_COMMA = YES;
				CLANG_WARN_CONSTANT_CONVERSION = YES;
				CLANG_WARN_DEPRECATED_OBJC_IMPLEMENTATIONS = YES;
				CLANG_WARN_DIRECT_OBJC_ISA_USAGE = YES_ERROR;
				CLANG_WARN_DOCUMENTATION_COMMENTS = YES;
				CLANG_WARN_EMPTY_BODY = YES;
				CLANG_WARN_ENUM_CONVERSION = YES;
				CLANG_WARN_INFINITE_RECURSION = YES;
				CLANG_WARN_INT_CONVERSION = YES;
				CLANG_WARN_NON_LITERAL_NULL_CONVERSION = YES;
				CLANG_WARN_OBJC_IMPLICIT_RETAIN_SELF = YES;
				CLANG_WARN_OBJC_LITERAL_CONVERSION = YES;
				CLANG_WARN_OBJC_ROOT_CLASS = YES_ERROR;
				CLANG_WARN_QUOTED_INCLUDE_IN_FRAMEWORK_HEADER = YES;
				CLANG_WARN_RANGE_LOOP_ANALYSIS = YES;
				CLANG_WARN_STRICT_PROTOTYPES = YES;
				CLANG_WARN_SUSPICIOUS_MOVE = YES;
				CLANG_WARN_UNGUARDED_AVAILABILITY = YES_AGGRESSIVE;
				CLANG_WARN_UNREACHABLE_CODE = YES;
				CLANG_WARN__DUPLICATE_METHOD_MATCH = YES;
				COPY_PHASE_STRIP = NO;
				DEBUG_INFORMATION_FORMAT = dwarf;
				ENABLE_STRICT_OBJC_MSGSEND = YES;
				ENABLE_TESTABILITY = YES;
				ENABLE_USER_SCRIPT_SANDBOXING = YES;
				GCC_C_LANGUAGE_STANDARD = gnu17;
				GCC_DYNAMIC_NO_PIC = NO;
				GCC_NO_COMMON_BLOCKS = YES;
				GCC_OPTIMIZATION_LEVEL = 0;
				GCC_PREPROCESSOR_DEFINITIONS = (
					"DEBUG=1",
					"$(inherited)",
				);
				GCC_WARN_64_TO_32_BIT_CONVERSION = YES;
				GCC_WARN_ABOUT_RETURN_TYPE = YES_ERROR;
				GCC_WARN_UNDECLARED_SELECTOR = YES;
				GCC_WARN_UNINITIALIZED_AUTOS = YES_AGGRESSIVE;
				GCC_WARN_UNUSED_FUNCTION = YES;
				GCC_WARN_UNUSED_VARIABLE = YES;
				IPHONEOS_DEPLOYMENT_TARGET = 17.5;
				LOCALIZATION_PREFERS_STRING_CATALOGS = YES;
				MTL_ENABLE_DEBUG_INFO = INCLUDE_SOURCE;
				MTL_FAST_MATH = YES;
				ONLY_ACTIVE_ARCH = YES;
				SDKROOT = iphoneos;
				SWIFT_ACTIVE_COMPILATION_CONDITIONS = "DEBUG $(inherited)";
				SWIFT_OPTIMIZATION_LEVEL = "-Onone";
			};
			name = Debug;
		};
		71BEBD032CFC502B00DF795E /* Release */ = {
			isa = XCBuildConfiguration;
			buildSettings = {
				ALWAYS_SEARCH_USER_PATHS = NO;
				ASSETCATALOG_COMPILER_GENERATE_SWIFT_ASSET_SYMBOL_EXTENSIONS = YES;
				CLANG_ANALYZER_NONNULL = YES;
				CLANG_ANALYZER_NUMBER_OBJECT_CONVERSION = YES_AGGRESSIVE;
				CLANG_CXX_LANGUAGE_STANDARD = "gnu++20";
				CLANG_ENABLE_MODULES = YES;
				CLANG_ENABLE_OBJC_ARC = YES;
				CLANG_ENABLE_OBJC_WEAK = YES;
				CLANG_WARN_BLOCK_CAPTURE_AUTORELEASING = YES;
				CLANG_WARN_BOOL_CONVERSION = YES;
				CLANG_WARN_COMMA = YES;
				CLANG_WARN_CONSTANT_CONVERSION = YES;
				CLANG_WARN_DEPRECATED_OBJC_IMPLEMENTATIONS = YES;
				CLANG_WARN_DIRECT_OBJC_ISA_USAGE = YES_ERROR;
				CLANG_WARN_DOCUMENTATION_COMMENTS = YES;
				CLANG_WARN_EMPTY_BODY = YES;
				CLANG_WARN_ENUM_CONVERSION = YES;
				CLANG_WARN_INFINITE_RECURSION = YES;
				CLANG_WARN_INT_CONVERSION = YES;
				CLANG_WARN_NON_LITERAL_NULL_CONVERSION = YES;
				CLANG_WARN_OBJC_IMPLICIT_RETAIN_SELF = YES;
				CLANG_WARN_OBJC_LITERAL_CONVERSION = YES;
				CLANG_WARN_OBJC_ROOT_CLASS = YES_ERROR;
				CLANG_WARN_QUOTED_INCLUDE_IN_FRAMEWORK_HEADER = YES;
				CLANG_WARN_RANGE_LOOP_ANALYSIS = YES;
				CLANG_WARN_STRICT_PROTOTYPES = YES;
				CLANG_WARN_SUSPICIOUS_MOVE = YES;
				CLANG_WARN_UNGUARDED_AVAILABILITY = YES_AGGRESSIVE;
				CLANG_WARN_UNREACHABLE_CODE = YES;
				CLANG_WARN__DUPLICATE_METHOD_MATCH = YES;
				COPY_PHASE_STRIP = NO;
				DEBUG_INFORMATION_FORMAT = "dwarf-with-dsym";
				ENABLE_NS_ASSERTIONS = NO;
				ENABLE_STRICT_OBJC_MSGSEND = YES;
				ENABLE_USER_SCRIPT_SANDBOXING = YES;
				GCC_C_LANGUAGE_STANDARD = gnu17;
				GCC_NO_COMMON_BLOCKS = YES;
				GCC_WARN_64_TO_32_BIT_CONVERSION = YES;
				GCC_WARN_ABOUT_RETURN_TYPE = YES_ERROR;
				GCC_WARN_UNDECLARED_SELECTOR = YES;
				GCC_WARN_UNINITIALIZED_AUTOS = YES_AGGRESSIVE;
				GCC_WARN_UNUSED_FUNCTION = YES;
				GCC_WARN_UNUSED_VARIABLE = YES;
				IPHONEOS_DEPLOYMENT_TARGET = 17.5;
				LOCALIZATION_PREFERS_STRING_CATALOGS = YES;
				MTL_ENABLE_DEBUG_INFO = NO;
				MTL_FAST_MATH = YES;
				SDKROOT = iphoneos;
				SWIFT_COMPILATION_MODE = wholemodule;
				VALIDATE_PRODUCT = YES;
			};
			name = Release;
		};
		71BEBD052CFC502B00DF795E /* Debug */ = {
			isa = XCBuildConfiguration;
			buildSettings = {
				ASSETCATALOG_COMPILER_APPICON_NAME = AppIcon;
				ASSETCATALOG_COMPILER_GLOBAL_ACCENT_COLOR_NAME = AccentColor;
				CODE_SIGN_STYLE = Automatic;
				CURRENT_PROJECT_VERSION = 1;
				GENERATE_INFOPLIST_FILE = YES;
				INFOPLIST_FILE = Hirely/Info.plist;
				INFOPLIST_KEY_UIApplicationSupportsIndirectInputEvents = YES;
				INFOPLIST_KEY_UILaunchStoryboardName = LaunchScreen;
				INFOPLIST_KEY_UIMainStoryboardFile = Main;
				INFOPLIST_KEY_UISupportedInterfaceOrientations_iPad = "UIInterfaceOrientationPortrait UIInterfaceOrientationPortraitUpsideDown UIInterfaceOrientationLandscapeLeft UIInterfaceOrientationLandscapeRight";
				INFOPLIST_KEY_UISupportedInterfaceOrientations_iPhone = "UIInterfaceOrientationPortrait UIInterfaceOrientationLandscapeLeft UIInterfaceOrientationLandscapeRight";
				IPHONEOS_DEPLOYMENT_TARGET = 17.0;
				LD_RUNPATH_SEARCH_PATHS = (
					"$(inherited)",
					"@executable_path/Frameworks",
				);
				MARKETING_VERSION = 1.0;
				PRODUCT_BUNDLE_IDENTIFIER = AyahMeftah.Hirely;
				PRODUCT_NAME = "$(TARGET_NAME)";
				SWIFT_EMIT_LOC_STRINGS = YES;
				SWIFT_VERSION = 5.0;
				TARGETED_DEVICE_FAMILY = "1,2";
			};
			name = Debug;
		};
		71BEBD062CFC502B00DF795E /* Release */ = {
			isa = XCBuildConfiguration;
			buildSettings = {
				ASSETCATALOG_COMPILER_APPICON_NAME = AppIcon;
				ASSETCATALOG_COMPILER_GLOBAL_ACCENT_COLOR_NAME = AccentColor;
				CODE_SIGN_STYLE = Automatic;
				CURRENT_PROJECT_VERSION = 1;
				GENERATE_INFOPLIST_FILE = YES;
				INFOPLIST_FILE = Hirely/Info.plist;
				INFOPLIST_KEY_UIApplicationSupportsIndirectInputEvents = YES;
				INFOPLIST_KEY_UILaunchStoryboardName = LaunchScreen;
				INFOPLIST_KEY_UIMainStoryboardFile = Main;
				INFOPLIST_KEY_UISupportedInterfaceOrientations_iPad = "UIInterfaceOrientationPortrait UIInterfaceOrientationPortraitUpsideDown UIInterfaceOrientationLandscapeLeft UIInterfaceOrientationLandscapeRight";
				INFOPLIST_KEY_UISupportedInterfaceOrientations_iPhone = "UIInterfaceOrientationPortrait UIInterfaceOrientationLandscapeLeft UIInterfaceOrientationLandscapeRight";
				IPHONEOS_DEPLOYMENT_TARGET = 17.0;
				LD_RUNPATH_SEARCH_PATHS = (
					"$(inherited)",
					"@executable_path/Frameworks",
				);
				MARKETING_VERSION = 1.0;
				PRODUCT_BUNDLE_IDENTIFIER = AyahMeftah.Hirely;
				PRODUCT_NAME = "$(TARGET_NAME)";
				SWIFT_EMIT_LOC_STRINGS = YES;
				SWIFT_VERSION = 5.0;
				TARGETED_DEVICE_FAMILY = "1,2";
			};
			name = Release;
		};
		71BEBD082CFC502B00DF795E /* Debug */ = {
			isa = XCBuildConfiguration;
			buildSettings = {
				ALWAYS_EMBED_SWIFT_STANDARD_LIBRARIES = YES;
				BUNDLE_LOADER = "$(TEST_HOST)";
				CODE_SIGN_STYLE = Automatic;
				CURRENT_PROJECT_VERSION = 1;
				GENERATE_INFOPLIST_FILE = YES;
				IPHONEOS_DEPLOYMENT_TARGET = 17.5;
				MARKETING_VERSION = 1.0;
				PRODUCT_BUNDLE_IDENTIFIER = AyahMeftah.HirelyTests;
				PRODUCT_NAME = "$(TARGET_NAME)";
				SWIFT_EMIT_LOC_STRINGS = NO;
				SWIFT_VERSION = 5.0;
				TARGETED_DEVICE_FAMILY = "1,2";
				TEST_HOST = "$(BUILT_PRODUCTS_DIR)/Hirely.app/$(BUNDLE_EXECUTABLE_FOLDER_PATH)/Hirely";
			};
			name = Debug;
		};
		71BEBD092CFC502B00DF795E /* Release */ = {
			isa = XCBuildConfiguration;
			buildSettings = {
				ALWAYS_EMBED_SWIFT_STANDARD_LIBRARIES = YES;
				BUNDLE_LOADER = "$(TEST_HOST)";
				CODE_SIGN_STYLE = Automatic;
				CURRENT_PROJECT_VERSION = 1;
				GENERATE_INFOPLIST_FILE = YES;
				IPHONEOS_DEPLOYMENT_TARGET = 17.5;
				MARKETING_VERSION = 1.0;
				PRODUCT_BUNDLE_IDENTIFIER = AyahMeftah.HirelyTests;
				PRODUCT_NAME = "$(TARGET_NAME)";
				SWIFT_EMIT_LOC_STRINGS = NO;
				SWIFT_VERSION = 5.0;
				TARGETED_DEVICE_FAMILY = "1,2";
				TEST_HOST = "$(BUILT_PRODUCTS_DIR)/Hirely.app/$(BUNDLE_EXECUTABLE_FOLDER_PATH)/Hirely";
			};
			name = Release;
		};
		71BEBD0B2CFC502B00DF795E /* Debug */ = {
			isa = XCBuildConfiguration;
			buildSettings = {
				ALWAYS_EMBED_SWIFT_STANDARD_LIBRARIES = YES;
				CODE_SIGN_STYLE = Automatic;
				CURRENT_PROJECT_VERSION = 1;
				GENERATE_INFOPLIST_FILE = YES;
				MARKETING_VERSION = 1.0;
				PRODUCT_BUNDLE_IDENTIFIER = AyahMeftah.HirelyUITests;
				PRODUCT_NAME = "$(TARGET_NAME)";
				SWIFT_EMIT_LOC_STRINGS = NO;
				SWIFT_VERSION = 5.0;
				TARGETED_DEVICE_FAMILY = "1,2";
				TEST_TARGET_NAME = Hirely;
			};
			name = Debug;
		};
		71BEBD0C2CFC502B00DF795E /* Release */ = {
			isa = XCBuildConfiguration;
			buildSettings = {
				ALWAYS_EMBED_SWIFT_STANDARD_LIBRARIES = YES;
				CODE_SIGN_STYLE = Automatic;
				CURRENT_PROJECT_VERSION = 1;
				GENERATE_INFOPLIST_FILE = YES;
				MARKETING_VERSION = 1.0;
				PRODUCT_BUNDLE_IDENTIFIER = AyahMeftah.HirelyUITests;
				PRODUCT_NAME = "$(TARGET_NAME)";
				SWIFT_EMIT_LOC_STRINGS = NO;
				SWIFT_VERSION = 5.0;
				TARGETED_DEVICE_FAMILY = "1,2";
				TEST_TARGET_NAME = Hirely;
			};
			name = Release;
		};
/* End XCBuildConfiguration section */

/* Begin XCConfigurationList section */
		71BEBCD52CFC502900DF795E /* Build configuration list for PBXProject "Hirely" */ = {
			isa = XCConfigurationList;
			buildConfigurations = (
				71BEBD022CFC502B00DF795E /* Debug */,
				71BEBD032CFC502B00DF795E /* Release */,
			);
			defaultConfigurationIsVisible = 0;
			defaultConfigurationName = Release;
		};
		71BEBD042CFC502B00DF795E /* Build configuration list for PBXNativeTarget "Hirely" */ = {
			isa = XCConfigurationList;
			buildConfigurations = (
				71BEBD052CFC502B00DF795E /* Debug */,
				71BEBD062CFC502B00DF795E /* Release */,
			);
			defaultConfigurationIsVisible = 0;
			defaultConfigurationName = Release;
		};
		71BEBD072CFC502B00DF795E /* Build configuration list for PBXNativeTarget "HirelyTests" */ = {
			isa = XCConfigurationList;
			buildConfigurations = (
				71BEBD082CFC502B00DF795E /* Debug */,
				71BEBD092CFC502B00DF795E /* Release */,
			);
			defaultConfigurationIsVisible = 0;
			defaultConfigurationName = Release;
		};
		71BEBD0A2CFC502B00DF795E /* Build configuration list for PBXNativeTarget "HirelyUITests" */ = {
			isa = XCConfigurationList;
			buildConfigurations = (
				71BEBD0B2CFC502B00DF795E /* Debug */,
				71BEBD0C2CFC502B00DF795E /* Release */,
			);
			defaultConfigurationIsVisible = 0;
			defaultConfigurationName = Release;
		};
/* End XCConfigurationList section */

/* Begin XCRemoteSwiftPackageReference section */
		2C9302F62CFC9EDF00CAD615 /* XCRemoteSwiftPackageReference "firebase-ios-sdk" */ = {
			isa = XCRemoteSwiftPackageReference;
			repositoryURL = "https://github.com/firebase/firebase-ios-sdk";
			requirement = {
				kind = upToNextMajorVersion;
				minimumVersion = 11.5.0;
			};
		};
		2C9302FB2CFCBD4300CAD615 /* XCRemoteSwiftPackageReference "cloudinary_ios" */ = {
			isa = XCRemoteSwiftPackageReference;
			repositoryURL = "https://github.com/cloudinary/cloudinary_ios.git";
			requirement = {
				kind = upToNextMajorVersion;
				minimumVersion = 5.0.0;
			};
		};
/* End XCRemoteSwiftPackageReference section */

/* Begin XCSwiftPackageProductDependency section */
		713EDA2C2D12E4F4000918B2 /* FirebaseFirestore */ = {
			isa = XCSwiftPackageProductDependency;
			package = 2C9302F62CFC9EDF00CAD615 /* XCRemoteSwiftPackageReference "firebase-ios-sdk" */;
			productName = FirebaseFirestore;
		};
		C363937C2D006A4C00E14337 /* FirebaseDatabase */ = {
			isa = XCSwiftPackageProductDependency;
			package = 2C9302F62CFC9EDF00CAD615 /* XCRemoteSwiftPackageReference "firebase-ios-sdk" */;
			productName = FirebaseDatabase;
		};
		C363937E2D006A5600E14337 /* FirebaseAuth */ = {
			isa = XCSwiftPackageProductDependency;
			package = 2C9302F62CFC9EDF00CAD615 /* XCRemoteSwiftPackageReference "firebase-ios-sdk" */;
			productName = FirebaseAuth;
		};
		C36393802D006A7800E14337 /* Cloudinary */ = {
			isa = XCSwiftPackageProductDependency;
			package = 2C9302FB2CFCBD4300CAD615 /* XCRemoteSwiftPackageReference "cloudinary_ios" */;
			productName = Cloudinary;
		};
/* End XCSwiftPackageProductDependency section */
	};
	rootObject = 71BEBCD22CFC502900DF795E /* Project object */;
}
